github.com/aws/aws-sdk-go-v2 v1.17.4/go.mod h1:uzbQtefpm44goOPmdKyAlXSNcwlRgF3ePWVW6EtJvvw=
github.com/aws/aws-sdk-go-v2 v1.17.5 h1:TzCUW1Nq4H8Xscph5M/skINUitxM5UBAyvm2s7XBzL4=
github.com/aws/aws-sdk-go-v2 v1.17.5/go.mod h1:uzbQtefpm44goOPmdKyAlXSNcwlRgF3ePWVW6EtJvvw=
github.com/aws/aws-sdk-go-v2/config v1.18.13 h1:v0xlYqbO6/EVlM8tUn2QEOA7btQxcgidEq2JRDBPTho=
github.com/aws/aws-sdk-go-v2/config v1.18.13/go.mod h1:r39wGSZB7wPDW1i54JyQXUpc5KsWjh5z/3S5D9eCqDg=
github.com/aws/aws-sdk-go-v2/credentials v1.13.13/go.mod h1:DW9nbIIF9MrIja0cBQrUpeWYQMSlNmP8fevLUyF9W38=
github.com/aws/aws-sdk-go-v2/credentials v1.13.15 h1:0rZQIi6deJFjOEgHI9HI2eZcLPPEGQPictX66oRFLL8=
github.com/aws/aws-sdk-go-v2/credentials v1.13.15/go.mod h1:vRMLMD3/rXU+o6j2MW5YefrGMBmdTvkLLGqFwMLBHQc=
github.com/aws/aws-sdk-go-v2/feature/dynamodb/attributevalue v1.10.13 h1:l+VnL8qkVJ/89c9zSQvPdmtQc+tYnuIb4qWZrYsgTBE=
github.com/aws/aws-sdk-go-v2/feature/dynamodb/attributevalue v1.10.13/go.mod h1:tPnUO5mS3JThpwfq4Q8iPd745s7yh6fGPqDUEBw+Wv4=
github.com/aws/aws-sdk-go-v2/feature/ec2/imds v1.12.22/go.mod h1:YGSIJyQ6D6FjKMQh16hVFSIUD54L4F7zTGePqYMYYJU=
github.com/aws/aws-sdk-go-v2/feature/ec2/imds v1.12.23 h1:Kbiv9PGnQfG/imNI4L/heyUXvzKmcWSBeDvkrQz5pFc=
github.com/aws/aws-sdk-go-v2/feature/ec2/imds v1.12.23/go.mod h1:mOtmAg65GT1HIL/HT/PynwPbS+UG0BgCZ6vhkPqnxWo=
github.com/aws/aws-sdk-go-v2/internal/configsources v1.1.28/go.mod h1:3lwChorpIM/BhImY/hy+Z6jekmN92cXGPI1QJasVPYY=
github.com/aws/aws-sdk-go-v2/internal/configsources v1.1.29 h1:9/aKwwus0TQxppPXFmf010DFrE+ssSbzroLVYINA+xE=
github.com/aws/aws-sdk-go-v2/internal/configsources v1.1.29/go.mod h1:Dip3sIGv485+xerzVv24emnjX5Sg88utCL8fwGmCeWg=
github.com/aws/aws-sdk-go-v2/internal/endpoints/v2 v2.4.22/go.mod h1:EqK7gVrIGAHyZItrD1D8B0ilgwMD1GiWAmbU4u/JHNk=
github.com/aws/aws-sdk-go-v2/internal/endpoints/v2 v2.4.23 h1:b/Vn141DBuLVgXbhRWIrl9g+ww7G+ScV5SzniWR13jQ=
github.com/aws/aws-sdk-go-v2/internal/endpoints/v2 v2.4.23/go.mod h1:mr6c4cHC+S/MMkrjtSlG4QA36kOznDep+0fga5L/fGQ=
github.com/aws/aws-sdk-go-v2/internal/ini v1.3.29 h1:J4xhFd6zHhdF9jPP0FQJ6WknzBboGMBNjKOv4iTuw4A=
github.com/aws/aws-sdk-go-v2/internal/ini v1.3.29/go.mod h1:TwuqRBGzxjQJIwH16/fOZodwXt2Zxa9/cwJC5ke4j7s=
github.com/aws/aws-sdk-go-v2/service/dynamodb v1.18.3/go.mod h1:nkpC9xkh+3vdxmhqN8Ac10pgV14DsJDLzUsV2CcS+44=
github.com/aws/aws-sdk-go-v2/service/dynamodb v1.18.5 h1:Diy+vP/vWqVmfn7SLnd9jFl82/eGZd25MO1FwvTkN7k=
github.com/aws/aws-sdk-go-v2/service/dynamodb v1.18.5/go.mod h1:njGV8YOTBFbXQGuoei1SU+rQO32F01qvBQ9oUIR+SSY=
github.com/aws/aws-sdk-go-v2/service/dynamodbstreams v1.14.3 h1:B+bkmCnNJi194pu9aTtYUe8f4EPXafC+xfU+zciVxdg=
github.com/aws/aws-sdk-go-v2/service/dynamodbstreams v1.14.3/go.mod h1:bRphLmXQD9Ux4jLcFEwyrWdmuPTj2Lh8VGl9wILuJII=
github.com/aws/aws-sdk-go-v2/service/internal/accept-encoding v1.9.11 h1:y2+VQzC6Zh2ojtV2LoC0MNwHWc6qXv/j2vrQtlftkdA=
github.com/aws/aws-sdk-go-v2/service/internal/accept-encoding v1.9.11/go.mod h1:iV4q2hsqtNECrfmlXyord9u4zyuFEJX9eLgLpSPzWA8=
github.com/aws/aws-sdk-go-v2/service/internal/endpoint-discovery v1.7.22/go.mod h1:moeOz5SKfY0p6pNIChdPIQdfaUfWI67+OVe0/r6+aGY=
github.com/aws/aws-sdk-go-v2/service/internal/endpoint-discovery v1.7.23 h1:5AwQnYQT3ZX/N7hPTAx4ClWyucaiqr2esQRMNbJIby0=
github.com/aws/aws-sdk-go-v2/service/internal/endpoint-discovery v1.7.23/go.mod h1:s8OUYECPoPpevQHmRmMBemFIx6Oc91iapsw56KiXIMY=
github.com/aws/aws-sdk-go-v2/service/internal/presigned-url v1.9.22/go.mod h1:xt0Au8yPIwYXf/GYPy/vl4K3CgwhfQMYbrH7DlUUIws=
github.com/aws/aws-sdk-go-v2/service/internal/presigned-url v1.9.23 h1:QoOybhwRfciWUBbZ0gp9S7XaDnCuSTeK/fySB99V1ls=
github.com/aws/aws-sdk-go-v2/service/internal/presigned-url v1.9.23/go.mod h1:9uPh+Hrz2Vn6oMnQYiUi/zbh3ovbnQk19YKINkQny44=
github.com/aws/aws-sdk-go-v2/service/sso v1.12.2/go.mod h1:IgV8l3sj22nQDd5qcAGY0WenwCzCphqdbFOpfktZPrI=
github.com/aws/aws-sdk-go-v2/service/sso v1.12.4 h1:qJdM48OOLl1FBSzI7ZrA1ZfLwOyCYqkXV5lko1hYDBw=
github.com/aws/aws-sdk-go-v2/service/sso v1.12.4/go.mod h1:jtLIhd+V+lft6ktxpItycqHqiVXrPIRjWIsFIlzMriw=
github.com/aws/aws-sdk-go-v2/service/ssooidc v1.14.2/go.mod h1:O1YSOg3aekZibh2SngvCRRG+cRHKKlYgxf/JBF/Kr/k=
github.com/aws/aws-sdk-go-v2/service/ssooidc v1.14.4 h1:YRkWXQveFb0tFC0TLktmmhGsOcCgLwvq88MC2al47AA=
github.com/aws/aws-sdk-go-v2/service/ssooidc v1.14.4/go.mod h1:zVwRrfdSmbRZWkUkWjOItY7SOalnFnq/Yg2LVPqDjwc=
github.com/aws/aws-sdk-go-v2/service/sts v1.18.3/go.mod h1:b+psTJn33Q4qGoDaM7ZiOVVG8uVjGI6HaZ8WBHdgDgU=
github.com/aws/aws-sdk-go-v2/service/sts v1.18.5 h1:L1600eLr0YvTT7gNh3Ni24yGI7NSHkq9Gp62vijPRCs=
github.com/aws/aws-sdk-go-v2/service/sts v1.18.5/go.mod h1:1mKZHLLpDMHTNSYPJ7qrcnCQdHCWsNQaT0xRvq2u80s=
github.com/aws/smithy-go v1.13.5 h1:hgz0X/DX0dGqTYpGALqXJoRKRj5oQ7150i5FdTePzO8=
github.com/aws/smithy-go v1.13.5/go.mod h1:Tg+OJXh4MB2R/uN61Ko2f6hTZwB/ZYGOtib8J3gBHzA=
github.com/davecgh/go-spew v1.1.0 h1:ZDRjVQ15GmhC3fiQ8ni8+OwkZQO4DARzQgrnXU1Liz8=
github.com/davecgh/go-spew v1.1.0/go.mod h1:J7Y8YcW2NihsgmVo/mv3lAwl/skON4iLHjSsI+c5H38=
github.com/gofiber/utils v1.0.1 h1:knct4cXwBipWQqFrOy1Pv6UcgPM+EXo9jDgc66V1Qio=
github.com/gofiber/utils v1.0.1/go.mod h1:pacRFtghAE3UoknMOUiXh2Io/nLWSUHtQCi/3QASsOc=
github.com/google/go-cmp v0.5.8 h1:e6P7q2lk1O+qJJb4BtCQXlK8vWEO8V1ZeuEdJNOqZyg=
github.com/google/go-cmp v0.5.8/go.mod h1:17dUlkBOakJ0+DkrSSNjCkIjxS6bF9zb3elmeNGIjoY=
github.com/jmespath/go-jmespath v0.4.0 h1:BEgLn5cpjn8UN1mAw4NjwDrS35OdebyEtFe+9YPoQUg=
github.com/jmespath/go-jmespath v0.4.0/go.mod h1:T8mJZnbsbmF+m6zOOFylbeCJqk5+pHWvzYPziyZiYoo=
github.com/jmespath/go-jmespath/internal/testify v1.5.1 h1:shLQSRRSCCPj3f2gpwzGwWFoC7ycTf1rcQZHOlsJ6N8=
github.com/jmespath/go-jmespath/internal/testify v1.5.1/go.mod h1:L3OGu8Wl2/fWfCI6z80xFu9LTZmf1ZRjMHUOPmWr69U=
github.com/pmezard/go-difflib v1.0.0 h1:4DBwDE0NGyQoBHbLQYPwSUPoCMWR5BEzIk/f1lZbAQM=
github.com/pmezard/go-difflib v1.0.0/go.mod h1:iKH77koFhYxTK1pcRnkKkqfTogsbg7gZNVY4sRDYZ/4=
github.com/stretchr/objx v0.1.0/go.mod h1:HFkY916IF+rwdDfMAkV7OtwuqBVzrE8GR6GFx+wExME=
gopkg.in/check.v1 v0.0.0-20161208181325-20d25e280405/go.mod h1:Co6ibVJAznAaIkqp8huTwlJQCZ016jof/cbN4VW5Yz0=
gopkg.in/yaml.v2 v2.2.8 h1:obN1ZagJSUGI0Ek/LBmuj4SNLPfIny3KsKFopxRdj10=
gopkg.in/yaml.v2 v2.2.8/go.mod h1:hI93XBmqTisBFMUTm0b8Fm+jr3Dg1NNxqwp+5A1VGuI=
