github.com/aws/aws-sdk-go-v2 v1.15.0/go.mod h1:lJYcuZZEHWNIb6ugJjbQY1fykdoobWbOS7kJYb4APoI=
github.com/aws/aws-sdk-go-v2 v1.16.0 h1:cBAYjiiexRAg9v2z9vb6IdxAa7ef4KCtjW7w7e3GxGo=
github.com/aws/aws-sdk-go-v2 v1.16.0/go.mod h1:lJYcuZZEHWNIb6ugJjbQY1fykdoobWbOS7kJYb4APoI=
github.com/aws/aws-sdk-go-v2/config v1.15.0 h1:cibCYF2c2uq0lsbu0Ggbg8RuGeiHCmXwUlTMS77CiK4=
github.com/aws/aws-sdk-go-v2/config v1.15.0/go.mod h1:NccaLq2Z9doMmeQXHQRrt2rm+2FbkrcPvfdbCaQn5hY=
github.com/aws/aws-sdk-go-v2/credentials v1.10.0/go.mod h1:HWJMr4ut5X+Lt/7epc7I6Llg5QIcoFHKAeIzw32t6EE=
github.com/aws/aws-sdk-go-v2/credentials v1.11.0 h1:gc4Uhs80s60nmLon5Z4JXWinX2BkAGT0YROoUT8h8U4=
github.com/aws/aws-sdk-go-v2/credentials v1.11.0/go.mod h1:EdV1ZFgtZ4XM5RDHWcRWK8H+xW5duNVBqWj2oLu7tRo=
github.com/aws/aws-sdk-go-v2/feature/dynamodb/attributevalue v1.8.0 h1:XxTy21xVUkoCZOSGwf+AW22v8aK3eEbYMaGGQ3MbKKk=
github.com/aws/aws-sdk-go-v2/feature/dynamodb/attributevalue v1.8.0/go.mod h1:6WkjzWenkrj3IgLPIPBBz4Qh99jNDF8L4Wj03vfMhAA=
github.com/aws/aws-sdk-go-v2/feature/ec2/imds v1.12.0/go.mod h1:prX26x9rmLwkEE1VVCelQOQgRN9sOVIssgowIJ270SE=
github.com/aws/aws-sdk-go-v2/feature/ec2/imds v1.12.1 h1:F9Je1nq5YXfMOv6451NHvMf6U0iTWeMnsG0MMIQoUmk=
github.com/aws/aws-sdk-go-v2/feature/ec2/imds v1.12.1/go.mod h1:Yph0XsTbQ5GGZ2+mO1a03P/SO9fdX3t1nejIp2tq79g=
github.com/aws/aws-sdk-go-v2/internal/configsources v1.1.6/go.mod h1:SSPEdf9spsFgJyhjrXvawfpyzrXHBCUe+2eQ1CjC1Ak=
github.com/aws/aws-sdk-go-v2/internal/configsources v1.1.7 h1:KUErSJgdqmqAPBWAp6Zx9CjL0YXfytXJeXcsWnuCM1c=
github.com/aws/aws-sdk-go-v2/internal/configsources v1.1.7/go.mod h1:oB9nZcxH1cGq7NPGurVJwxrO2vmJ9mmEBayCwcAlmT8=
github.com/aws/aws-sdk-go-v2/internal/endpoints/v2 v2.4.0/go.mod h1:viTrxhAuejD+LszDahzAE2x40YjYWhMqzHxv2ZiWaME=
github.com/aws/aws-sdk-go-v2/internal/endpoints/v2 v2.4.1 h1:feVfa9eJonhJiss7g51ikjNB2DrUzbNZNvPL8pw/54k=
github.com/aws/aws-sdk-go-v2/internal/endpoints/v2 v2.4.1/go.mod h1:K4vz7lRYCyLYpYAMCLObODahFgARdD3YVa0MvQte9Co=
github.com/aws/aws-sdk-go-v2/internal/ini v1.3.7 h1:QOMEP8jnO8sm0SX/4G7dbaIq2eEP2wcWEsF0jzrXLJc=
github.com/aws/aws-sdk-go-v2/internal/ini v1.3.7/go.mod h1:P5sjYYf2nc5dE6cZIzEMsVtq6XeLD7c4rM+kQJPrByA=
github.com/aws/aws-sdk-go-v2/service/dynamodb v1.15.0/go.mod h1:+Kc1UmbE37ijaAsb3KogW6FR8z0myjX6VtdcCkQEK0k=
github.com/aws/aws-sdk-go-v2/service/dynamodb v1.15.1 h1:Nn2un9KCO8U/0wJ/NvoGyNLQVmqn6P52d2O1u4EuWAk=
github.com/aws/aws-sdk-go-v2/service/dynamodb v1.15.1/go.mod h1:rk3wmES11s/my2ByfWj8Rc24gWaip7/qaK9pT6DqFj0=
github.com/aws/aws-sdk-go-v2/service/dynamodbstreams v1.13.0 h1:s71pGCiLqqGRoUWtdJ2j4PazwEpZVwQc16na/4FfXdk=
github.com/aws/aws-sdk-go-v2/service/dynamodbstreams v1.13.0/go.mod h1:YGzTq/joAih4HRZZtMBWGP4bI8xVucOBQ9RvuanpclA=
github.com/aws/aws-sdk-go-v2/service/internal/accept-encoding v1.9.0 h1:uhb7moM7VjqIEpWzTpCvceLDSwrWpaleXm39OnVjuLE=
github.com/aws/aws-sdk-go-v2/service/internal/accept-encoding v1.9.0/go.mod h1:pA2St3Pu2Ldy6fBPY45Azoh1WBG4oS7eIKOd4XN7Meg=
github.com/aws/aws-sdk-go-v2/service/internal/endpoint-discovery v1.7.0/go.mod h1:0nXuX9UrkN4r0PX9TSKfcueGRfsdEYIKG4rjTeJ61X8=
github.com/aws/aws-sdk-go-v2/service/internal/endpoint-discovery v1.7.1 h1:LJCJgm9wvK6x/9R7LFt3X0Eo5NDwkMklC3RcJuMKEJw=
github.com/aws/aws-sdk-go-v2/service/internal/endpoint-discovery v1.7.1/go.mod h1:1MsYnRBRx678hTu0yoKDJkAhp7yRe2Bq8UzmGPRCh9w=
github.com/aws/aws-sdk-go-v2/service/internal/presigned-url v1.9.0/go.mod h1:R31ot6BgESRCIoxwfKtIHzZMo/vsZn2un81g9BJ4nmo=
github.com/aws/aws-sdk-go-v2/service/internal/presigned-url v1.9.1 h1:B/SPX7J+Y0Yrcjv60Nhbh1gC2uBN47SfN8JYre6Mp4M=
github.com/aws/aws-sdk-go-v2/service/internal/presigned-url v1.9.1/go.mod h1:2Hhr9Eh1gJzDatwACX/ozAZ/ljq5vzvPRu5cdu25tzc=
github.com/aws/aws-sdk-go-v2/service/sso v1.11.0/go.mod h1:d1WcT0OjggjQCAdOkph8ijkr5sUwk1IH/VenOn7W1PU=
github.com/aws/aws-sdk-go-v2/service/sso v1.11.1 h1:DyHctRsJIAWIvom1Itb4T84D2jwpIu+KIi3d0SFaswg=
github.com/aws/aws-sdk-go-v2/service/sso v1.11.1/go.mod h1:CvFTucADIx7U/M44vjLs/ZttpQHdpxwK+62+dUGhDeY=
github.com/aws/aws-sdk-go-v2/service/sts v1.16.0/go.mod h1:+8k4H2ASUZZXmjx/s3DFLo9tGBb44lkz3XcgfypJY7s=
github.com/aws/aws-sdk-go-v2/service/sts v1.16.1 h1:xsOtPAvHqhvQvBza5ohaUcfq1LceH2lZKMUGZJKiZiM=
github.com/aws/aws-sdk-go-v2/service/sts v1.16.1/go.mod h1:Aq2/Qggh2oemSfyHH+EO4UBbgWG6zFCXLHYI4ILTY7w=
github.com/aws/smithy-go v1.11.1 h1:IQ+lPZVkSM3FRtyaDox41R8YS6iwPMYIreejOgPW49g=
github.com/aws/smithy-go v1.11.1/go.mod h1:3xHYmszWVx2c0kIwQeEVf9uSm4fYZt67FBJnwub1bgM=
github.com/davecgh/go-spew v1.1.0 h1:ZDRjVQ15GmhC3fiQ8ni8+OwkZQO4DARzQgrnXU1Liz8=
github.com/davecgh/go-spew v1.1.0/go.mod h1:J7Y8YcW2NihsgmVo/mv3lAwl/skON4iLHjSsI+c5H38=
github.com/gofiber/utils v0.1.2 h1:1SH2YEz4RlNS0tJlMJ0bGwO0JkqPqvq6TbHK9tXZKtk=
github.com/gofiber/utils v0.1.2/go.mod h1:pacRFtghAE3UoknMOUiXh2Io/nLWSUHtQCi/3QASsOc=
github.com/google/go-cmp v0.5.7 h1:81/ik6ipDQS2aGcBfIN5dHDB36BwrStyeAQquSYCV4o=
github.com/google/go-cmp v0.5.7/go.mod h1:n+brtR0CgQNWTVd5ZUFpTBC8YFBDLK/h/bpaJ8/DtOE=
github.com/jmespath/go-jmespath v0.4.0 h1:BEgLn5cpjn8UN1mAw4NjwDrS35OdebyEtFe+9YPoQUg=
github.com/jmespath/go-jmespath v0.4.0/go.mod h1:T8mJZnbsbmF+m6zOOFylbeCJqk5+pHWvzYPziyZiYoo=
github.com/jmespath/go-jmespath/internal/testify v1.5.1 h1:shLQSRRSCCPj3f2gpwzGwWFoC7ycTf1rcQZHOlsJ6N8=
github.com/jmespath/go-jmespath/internal/testify v1.5.1/go.mod h1:L3OGu8Wl2/fWfCI6z80xFu9LTZmf1ZRjMHUOPmWr69U=
github.com/pmezard/go-difflib v1.0.0 h1:4DBwDE0NGyQoBHbLQYPwSUPoCMWR5BEzIk/f1lZbAQM=
github.com/pmezard/go-difflib v1.0.0/go.mod h1:iKH77koFhYxTK1pcRnkKkqfTogsbg7gZNVY4sRDYZ/4=
github.com/stretchr/objx v0.1.0/go.mod h1:HFkY916IF+rwdDfMAkV7OtwuqBVzrE8GR6GFx+wExME=
golang.org/x/xerrors v0.0.0-20191204190536-9bdfabe68543 h1:E7g+9GITq07hpfrRu66IVDexMakfv52eLZ2CXBWiKr4=
golang.org/x/xerrors v0.0.0-20191204190536-9bdfabe68543/go.mod h1:I/5z698sn9Ka8TeJc9MKroUUfqBBauWjQqLJ2OPfmY0=
gopkg.in/check.v1 v0.0.0-20161208181325-20d25e280405 h1:yhCVgyC4o1eVCa2tZl7eS0r+SDo693bJlVdllGtEeKM=
gopkg.in/check.v1 v0.0.0-20161208181325-20d25e280405/go.mod h1:Co6ibVJAznAaIkqp8huTwlJQCZ016jof/cbN4VW5Yz0=
gopkg.in/yaml.v2 v2.2.8 h1:obN1ZagJSUGI0Ek/LBmuj4SNLPfIny3KsKFopxRdj10=
gopkg.in/yaml.v2 v2.2.8/go.mod h1:hI93XBmqTisBFMUTm0b8Fm+jr3Dg1NNxqwp+5A1VGuI=
