github.com/bradfitz/gomemcache v0.0.0-20220106215444-fb4bf637b56d h1:pVrfxiGfwelyab6n21ZBkbkmbevaf+WvMIiR7sr97hw=
github.com/bradfitz/gomemcache v0.0.0-20220106215444-fb4bf637b56d/go.mod h1:H0wQNHz2YrLsuXOZozoeDmnHXkNCRmMW0gwFWDfEZDA=
github.com/gofiber/utils v1.0.1 h1:knct4cXwBipWQqFrOy1Pv6UcgPM+EXo9jDgc66V1Qio=
github.com/gofiber/utils v1.0.1/go.mod h1:pacRFtghAE3UoknMOUiXh2Io/nLWSUHtQCi/3QASsOc=
