github.com/aws/aws-sdk-go-v2 v1.16.12/go.mod h1:C+Ym0ag2LIghJbXhfXZ0YEEp49rBWowxKzJLUoob0ts=
github.com/aws/aws-sdk-go-v2 v1.16.13 h1:HgF7OX2q0gSZtcXoo9DMEA8A2Qk/GCxmWyM0RI7Yz2Y=
github.com/aws/aws-sdk-go-v2 v1.16.13/go.mod h1:xSyvSnzh0KLs5H4HJGeIEsNYemUWdNIl0b/rP6SIsLU=
github.com/aws/aws-sdk-go-v2/aws/protocol/eventstream v1.4.5 h1:7A1nDFvkVlBmMa69QMLkw/m/DDHm6PUluIYK61aQoOY=
github.com/aws/aws-sdk-go-v2/aws/protocol/eventstream v1.4.5/go.mod h1:DnlOnWR2YuzMXNSHHNuoklObUE3SwWlcRTGL/zL+Aj8=
github.com/aws/aws-sdk-go-v2/config v1.17.3/go.mod h1:tRGUOfk9Rrf6UCJm5qDlL9AizSsgvteuKX4qajAV3pU=
github.com/aws/aws-sdk-go-v2/config v1.17.4 h1:9HY1wbShqObySCHP2Z07blfrSWVX+nVxCZmUuLZKcG8=
github.com/aws/aws-sdk-go-v2/config v1.17.4/go.mod h1:ul+ru+huVpfduF9XRmGUq82T8T3K+nIFQuF6F+L+548=
github.com/aws/aws-sdk-go-v2/credentials v1.12.16/go.mod h1:eLJ+j1lwQdHJ0c56tRoDWcgss1e/laVmvW2AaOicuAw=
github.com/aws/aws-sdk-go-v2/credentials v1.12.17 h1:htUjIJOQcvIUR0jC4eLkdis1DfaLL4EUbIKUFqh2WFA=
github.com/aws/aws-sdk-go-v2/credentials v1.12.17/go.mod h1:jd1mvJulXY7ccHvcSiJceYhv06yWIIRkJnwWEA4IX+g=
github.com/aws/aws-sdk-go-v2/feature/ec2/imds v1.12.13/go.mod h1:y0eXmsNBFIVjUE8ZBjES8myOHlMsXDz7qGT93+MVdjk=
github.com/aws/aws-sdk-go-v2/feature/ec2/imds v1.12.14 h1:NZwZFtxXGOEIiCd8jWN55lexakug543CaO68bTpoLwg=
github.com/aws/aws-sdk-go-v2/feature/ec2/imds v1.12.14/go.mod h1:5CU57SyF5jZLSIw4OOll0PG83ThXwNdkRFOc0EltD/0=
github.com/aws/aws-sdk-go-v2/feature/s3/manager v1.11.29 h1:VKi/79iKGaZ9pJTSuj/gNlzJdFczcGcsw9NDAT7I+hY=
github.com/aws/aws-sdk-go-v2/feature/s3/manager v1.11.29/go.mod h1:ge60sLiMug/7ubLIbRyM9zNv5fR99ZzR+staDaM7+Tw=
github.com/aws/aws-sdk-go-v2/internal/configsources v1.1.19/go.mod h1:llxE6bwUZhuCas0K7qGiu5OgMis3N7kdWtFSxoHmJ7E=
github.com/aws/aws-sdk-go-v2/internal/configsources v1.1.20 h1:Rk8eqZSdFovt8Id+O+i2qT0c3CY13DPn2SfGOEVlxNs=
github.com/aws/aws-sdk-go-v2/internal/configsources v1.1.20/go.mod h1:gdZ5gRUaxThXIZyZQ8MTtgYBk2jbHgp05BO3GcD9Cwc=
github.com/aws/aws-sdk-go-v2/internal/endpoints/v2 v2.4.13/go.mod h1:lB12mkZqCSo5PsdBFLNqc2M/OOYgNAy8UtaktyuWvE8=
github.com/aws/aws-sdk-go-v2/internal/endpoints/v2 v2.4.14 h1:6Yxuq9yrkoLYab5JXqJnto9tdRuIcYVdR+eiKjsJYWU=
github.com/aws/aws-sdk-go-v2/internal/endpoints/v2 v2.4.14/go.mod h1:GEV9jaDPIgayiU+uevxwozcvUOjc+P4aHE2BeSjm2vE=
github.com/aws/aws-sdk-go-v2/internal/ini v1.3.20/go.mod h1:bfTcsThj5a9P5pIGRy0QudJ8k4+issxXX+O6Djnd5Cs=
github.com/aws/aws-sdk-go-v2/internal/ini v1.3.21 h1:lpwSbLKYTuABo6SyUoC25xAmfO3/TehGS2SmD1EtOL0=
github.com/aws/aws-sdk-go-v2/internal/ini v1.3.21/go.mod h1:Q0pktZjvRZk77TBto6yAvUAi7fcse1bdcMctBDVGgBw=
github.com/aws/aws-sdk-go-v2/internal/v4a v1.0.10 h1:233xgzn4lsBeN7qgG+k2kLquzBk35WB+nIhPMeK0h/Q=
github.com/aws/aws-sdk-go-v2/internal/v4a v1.0.10/go.mod h1:1nl/nuVB6+UOpiyYJBfyhCzsX8fJAL6fCVcbtPIIV4w=
github.com/aws/aws-sdk-go-v2/service/internal/accept-encoding v1.9.6 h1:Z0Yw2qkgPZVGbOR70snGRAlBR0QIGPLkHoNhR4+7hbY=
github.com/aws/aws-sdk-go-v2/service/internal/accept-encoding v1.9.6/go.mod h1:Slj62rcu4BKdMAH0wqeP0fUkW1b1bkCxcSP+ZY5cevE=
github.com/aws/aws-sdk-go-v2/service/internal/checksum v1.1.14 h1:NWR21daQBDyY4WChz4Gd78QuCPorUJiSHg7r1OWvfgA=
github.com/aws/aws-sdk-go-v2/service/internal/checksum v1.1.14/go.mod h1:Yz4G3rD1LtBcg6gIYtJtpoEjts9IZMHiamdm3F1xtNA=
github.com/aws/aws-sdk-go-v2/service/internal/presigned-url v1.9.13/go.mod h1:V390DK4MQxLpDdXxFqizyz8KUxuWImkW/xzgXMz0yyk=
github.com/aws/aws-sdk-go-v2/service/internal/presigned-url v1.9.14 h1:c5hJNN2DkK1gAytcKp7LkiKNDJeevFSboPezEHAM4Ro=
github.com/aws/aws-sdk-go-v2/service/internal/presigned-url v1.9.14/go.mod h1:8qOLjqMzY/S1kh3myDXA1yxK5eD4uN8aOJgKpgvc4OM=
github.com/aws/aws-sdk-go-v2/service/internal/s3shared v1.13.13 h1:h1equp9qdWANft5cmtDUditRlALvE7tuaHs2RdSbsQg=
github.com/aws/aws-sdk-go-v2/service/internal/s3shared v1.13.13/go.mod h1:3RA7cs1uHkbV3f6tMYy7u0OfkyVckZBM70wUS4h1MDk=
github.com/aws/aws-sdk-go-v2/service/s3 v1.27.7 h1:BlxqVULzNS7udJIwZBJdL8NNcLbSwgXv/WRJCVUaMm8=
github.com/aws/aws-sdk-go-v2/service/s3 v1.27.7/go.mod h1:orjy5IRgBQnh9EI/lMW7YGF6eYk6re8HPFbL66a2DSo=
github.com/aws/aws-sdk-go-v2/service/sso v1.11.19/go.mod h1:ytmEi5+qwcSNcV2pVA8PIb1DnKT/0Bu/K4nfJHwoM6c=
github.com/aws/aws-sdk-go-v2/service/sso v1.11.20 h1:3raP0UC9rvRyY4/cc4o4F3jTrNo94AYiarNUGNnq6dU=
github.com/aws/aws-sdk-go-v2/service/sso v1.11.20/go.mod h1:hPsROgDdgY/NQ1gPt7VJWG0GjSnalDC0DkkMfGEw2gc=
github.com/aws/aws-sdk-go-v2/service/ssooidc v1.13.1/go.mod h1:NY+G+8PW0ISyJ7/6t5mgOe6qpJiwZa9Jix05WPscJjg=
github.com/aws/aws-sdk-go-v2/service/ssooidc v1.13.2 h1:/SYpdjjAtraymql+/r719OgjxezdanAQiLb/NMxDb04=
github.com/aws/aws-sdk-go-v2/service/ssooidc v1.13.2/go.mod h1:5cxfDYtY2mDOlmesy4yycb6lwyy1U/iAUOHKhQLKw/E=
github.com/aws/aws-sdk-go-v2/service/sts v1.16.15/go.mod h1:Y+BUV19q3OmQVqNUlbZ40zVi3NM6Biuxwkx/qdSD/CY=
github.com/aws/aws-sdk-go-v2/service/sts v1.16.16 h1:otZvq9r+xjPL7qU/luX2QdBamiN+oSZURRi4sAKymO8=
github.com/aws/aws-sdk-go-v2/service/sts v1.16.16/go.mod h1:Y9iBgT1w2vHtYzJEkwD6FqILjDSsvbxcW/+wIYxyse4=
github.com/aws/smithy-go v1.13.0/go.mod h1:Tg+OJXh4MB2R/uN61Ko2f6hTZwB/ZYGOtib8J3gBHzA=
github.com/aws/smithy-go v1.13.1 h1:q09BdpUiaqpothcv393ACfWJJHzlzjB5HaNL1XHKmoQ=
github.com/aws/smithy-go v1.13.1/go.mod h1:Tg+OJXh4MB2R/uN61Ko2f6hTZwB/ZYGOtib8J3gBHzA=
github.com/davecgh/go-spew v1.1.0 h1:ZDRjVQ15GmhC3fiQ8ni8+OwkZQO4DARzQgrnXU1Liz8=
github.com/davecgh/go-spew v1.1.0/go.mod h1:J7Y8YcW2NihsgmVo/mv3lAwl/skON4iLHjSsI+c5H38=
github.com/gofiber/utils v0.1.2 h1:1SH2YEz4RlNS0tJlMJ0bGwO0JkqPqvq6TbHK9tXZKtk=
github.com/gofiber/utils v0.1.2/go.mod h1:pacRFtghAE3UoknMOUiXh2Io/nLWSUHtQCi/3QASsOc=
github.com/google/go-cmp v0.5.8 h1:e6P7q2lk1O+qJJb4BtCQXlK8vWEO8V1ZeuEdJNOqZyg=
github.com/google/go-cmp v0.5.8/go.mod h1:17dUlkBOakJ0+DkrSSNjCkIjxS6bF9zb3elmeNGIjoY=
github.com/jmespath/go-jmespath v0.4.0 h1:BEgLn5cpjn8UN1mAw4NjwDrS35OdebyEtFe+9YPoQUg=
github.com/jmespath/go-jmespath v0.4.0/go.mod h1:T8mJZnbsbmF+m6zOOFylbeCJqk5+pHWvzYPziyZiYoo=
github.com/jmespath/go-jmespath/internal/testify v1.5.1 h1:shLQSRRSCCPj3f2gpwzGwWFoC7ycTf1rcQZHOlsJ6N8=
github.com/jmespath/go-jmespath/internal/testify v1.5.1/go.mod h1:L3OGu8Wl2/fWfCI6z80xFu9LTZmf1ZRjMHUOPmWr69U=
github.com/pmezard/go-difflib v1.0.0 h1:4DBwDE0NGyQoBHbLQYPwSUPoCMWR5BEzIk/f1lZbAQM=
github.com/pmezard/go-difflib v1.0.0/go.mod h1:iKH77koFhYxTK1pcRnkKkqfTogsbg7gZNVY4sRDYZ/4=
github.com/stretchr/objx v0.1.0/go.mod h1:HFkY916IF+rwdDfMAkV7OtwuqBVzrE8GR6GFx+wExME=
gopkg.in/check.v1 v0.0.0-20161208181325-20d25e280405/go.mod h1:Co6ibVJAznAaIkqp8huTwlJQCZ016jof/cbN4VW5Yz0=
gopkg.in/yaml.v2 v2.2.8 h1:obN1ZagJSUGI0Ek/LBmuj4SNLPfIny3KsKFopxRdj10=
gopkg.in/yaml.v2 v2.2.8/go.mod h1:hI93XBmqTisBFMUTm0b8Fm+jr3Dg1NNxqwp+5A1VGuI=
