github.com/aws/aws-sdk-go-v2 v1.16.11/go.mod h1:WTACcleLz6VZTp7fak4EO5b9Q4foxbn+8PIz3PmyKlo=
github.com/aws/aws-sdk-go-v2 v1.16.12 h1:wbMYa2PlFysFx2GLIQojr6FJV5+OWCM/BwyHXARxETA=
github.com/aws/aws-sdk-go-v2 v1.16.12/go.mod h1:C+Ym0ag2LIghJbXhfXZ0YEEp49rBWowxKzJLUoob0ts=
github.com/aws/aws-sdk-go-v2/aws/protocol/eventstream v1.4.4/go.mod h1:ES0I1GBs+YYgcDS1ek47Erbn4TOL811JKqBXtgzqyZ8=
github.com/aws/aws-sdk-go-v2/aws/protocol/eventstream v1.4.5 h1:7A1nDFvkVlBmMa69QMLkw/m/DDHm6PUluIYK61aQoOY=
github.com/aws/aws-sdk-go-v2/aws/protocol/eventstream v1.4.5/go.mod h1:DnlOnWR2YuzMXNSHHNuoklObUE3SwWlcRTGL/zL+Aj8=
github.com/aws/aws-sdk-go-v2/config v1.17.1 h1:BWxTjokU/69BZ4DnLrZco6OvBDii6ToEdfBL/y5I1nA=
github.com/aws/aws-sdk-go-v2/config v1.17.1/go.mod h1:uOxDHjBemNTF2Zos+fgG0NNfE86wn1OAHDTGxjMEYi0=
github.com/aws/aws-sdk-go-v2/credentials v1.12.14 h1:AtVG/amkjbDBfnPr/tuW2IG18HGNznP6L12Dx0rLz+Q=
github.com/aws/aws-sdk-go-v2/credentials v1.12.14/go.mod h1:opAndTyq+YN7IpVG57z2CeNuXSQMqTYxGGlYH0m0RMY=
github.com/aws/aws-sdk-go-v2/feature/ec2/imds v1.12.12 h1:wgJBHO58Pc1V1QAnzdVM3JK3WbE/6eUF0JxCZ+/izz0=
github.com/aws/aws-sdk-go-v2/feature/ec2/imds v1.12.12/go.mod h1:aZ4vZnyUuxedC7eD4JyEHpGnCz+O2sHQEx3VvAwklSE=
github.com/aws/aws-sdk-go-v2/feature/s3/manager v1.11.27 h1:xFXIMBci0UXStoOHq/8w0XIZPB2hgb9CD7uATJhqt10=
github.com/aws/aws-sdk-go-v2/feature/s3/manager v1.11.27/go.mod h1:+tj2cHQkChanggNZn1J2fJ1Cv6RO1TV0AA3472do31I=
github.com/aws/aws-sdk-go-v2/internal/configsources v1.1.18/go.mod h1:348MLhzV1GSlZSMusdwQpXKbhD7X2gbI/TxwAPKkYZQ=
github.com/aws/aws-sdk-go-v2/internal/configsources v1.1.19 h1:gC5mudiFrWGhzcdoWj1iCGUfrzCpQG0MQIQf0CXFFQQ=
github.com/aws/aws-sdk-go-v2/internal/configsources v1.1.19/go.mod h1:llxE6bwUZhuCas0K7qGiu5OgMis3N7kdWtFSxoHmJ7E=
github.com/aws/aws-sdk-go-v2/internal/endpoints/v2 v2.4.12/go.mod h1:ckaCVTEdGAxO6KwTGzgskxR1xM+iJW4lxMyDFVda2Fc=
github.com/aws/aws-sdk-go-v2/internal/endpoints/v2 v2.4.13 h1:qezY57na06d6kSE7uuB0N7XEflu914AXx/hg2L8Ykcw=
github.com/aws/aws-sdk-go-v2/internal/endpoints/v2 v2.4.13/go.mod h1:lB12mkZqCSo5PsdBFLNqc2M/OOYgNAy8UtaktyuWvE8=
github.com/aws/aws-sdk-go-v2/internal/ini v1.3.19 h1:g5qq9sgtEzt2szMaDqQO6fqKe026T6dHTFJp5NsPzkQ=
github.com/aws/aws-sdk-go-v2/internal/ini v1.3.19/go.mod h1:cVHo8KTuHjShb9V8/VjH3S/8+xPu16qx8fdGwmotJhE=
github.com/aws/aws-sdk-go-v2/internal/v4a v1.0.9/go.mod h1:cv+n1mdyh+0B8tAtlEBzTYFA2Uv15SISEn6kabYhIgE=
github.com/aws/aws-sdk-go-v2/internal/v4a v1.0.10 h1:233xgzn4lsBeN7qgG+k2kLquzBk35WB+nIhPMeK0h/Q=
github.com/aws/aws-sdk-go-v2/internal/v4a v1.0.10/go.mod h1:1nl/nuVB6+UOpiyYJBfyhCzsX8fJAL6fCVcbtPIIV4w=
github.com/aws/aws-sdk-go-v2/service/internal/accept-encoding v1.9.5/go.mod h1:oehQLbMQkppKLXvpx/1Eo0X47Fe+0971DXC9UjGnKcI=
github.com/aws/aws-sdk-go-v2/service/internal/accept-encoding v1.9.6 h1:Z0Yw2qkgPZVGbOR70snGRAlBR0QIGPLkHoNhR4+7hbY=
github.com/aws/aws-sdk-go-v2/service/internal/accept-encoding v1.9.6/go.mod h1:Slj62rcu4BKdMAH0wqeP0fUkW1b1bkCxcSP+ZY5cevE=
github.com/aws/aws-sdk-go-v2/service/internal/checksum v1.1.13/go.mod h1:89CSPn69UECDLVn0H6FwKNgbtirksl8C8i3aBeeeihw=
github.com/aws/aws-sdk-go-v2/service/internal/checksum v1.1.14 h1:NWR21daQBDyY4WChz4Gd78QuCPorUJiSHg7r1OWvfgA=
github.com/aws/aws-sdk-go-v2/service/internal/checksum v1.1.14/go.mod h1:Yz4G3rD1LtBcg6gIYtJtpoEjts9IZMHiamdm3F1xtNA=
github.com/aws/aws-sdk-go-v2/service/internal/presigned-url v1.9.12/go.mod h1:1TODGhheLWjpQWSuhYuAUWYTCKwEjx2iblIFKDHjeTc=
github.com/aws/aws-sdk-go-v2/service/internal/presigned-url v1.9.13 h1:ObfthqDyhe7rMAOa7pqft6974VHIk8BAJB7kYdoIfTA=
github.com/aws/aws-sdk-go-v2/service/internal/presigned-url v1.9.13/go.mod h1:V390DK4MQxLpDdXxFqizyz8KUxuWImkW/xzgXMz0yyk=
github.com/aws/aws-sdk-go-v2/service/internal/s3shared v1.13.12/go.mod h1:MADjAN0GHFDuc5lRa5Y5ki+oIO/w7X4qczHy+OUx0IA=
github.com/aws/aws-sdk-go-v2/service/internal/s3shared v1.13.13 h1:h1equp9qdWANft5cmtDUditRlALvE7tuaHs2RdSbsQg=
github.com/aws/aws-sdk-go-v2/service/internal/s3shared v1.13.13/go.mod h1:3RA7cs1uHkbV3f6tMYy7u0OfkyVckZBM70wUS4h1MDk=
github.com/aws/aws-sdk-go-v2/service/s3 v1.27.5/go.mod h1:J8SS5Tp/zeLxaubB0xGfKnVrvssNBNLwTipreTKLhjQ=
github.com/aws/aws-sdk-go-v2/service/s3 v1.27.7 h1:BlxqVULzNS7udJIwZBJdL8NNcLbSwgXv/WRJCVUaMm8=
github.com/aws/aws-sdk-go-v2/service/s3 v1.27.7/go.mod h1:orjy5IRgBQnh9EI/lMW7YGF6eYk6re8HPFbL66a2DSo=
github.com/aws/aws-sdk-go-v2/service/sso v1.11.17 h1:pXxu9u2z1UqSbjO9YA8kmFJBhFc1EVTDaf7A+S+Ivq8=
github.com/aws/aws-sdk-go-v2/service/sso v1.11.17/go.mod h1:mS5xqLZc/6kc06IpXn5vRxdLaED+jEuaSRv5BxtnsiY=
github.com/aws/aws-sdk-go-v2/service/sts v1.16.13 h1:dl8T0PJlN92rvEGOEUiD0+YPYdPEaCZK0TqHukvSfII=
github.com/aws/aws-sdk-go-v2/service/sts v1.16.13/go.mod h1:Ru3QVMLygVs/07UQ3YDur1AQZZp2tUNje8wfloFttC0=
github.com/aws/smithy-go v1.12.1/go.mod h1:Tg+OJXh4MB2R/uN61Ko2f6hTZwB/ZYGOtib8J3gBHzA=
github.com/aws/smithy-go v1.13.0 h1:YfyEmSJLo7fAv8FbuDK4R8F9aAmi9DZ88Zb/KJJmUl0=
github.com/aws/smithy-go v1.13.0/go.mod h1:Tg+OJXh4MB2R/uN61Ko2f6hTZwB/ZYGOtib8J3gBHzA=
github.com/davecgh/go-spew v1.1.0 h1:ZDRjVQ15GmhC3fiQ8ni8+OwkZQO4DARzQgrnXU1Liz8=
github.com/davecgh/go-spew v1.1.0/go.mod h1:J7Y8YcW2NihsgmVo/mv3lAwl/skON4iLHjSsI+c5H38=
github.com/gofiber/utils v0.1.2 h1:1SH2YEz4RlNS0tJlMJ0bGwO0JkqPqvq6TbHK9tXZKtk=
github.com/gofiber/utils v0.1.2/go.mod h1:pacRFtghAE3UoknMOUiXh2Io/nLWSUHtQCi/3QASsOc=
github.com/google/go-cmp v0.5.8 h1:e6P7q2lk1O+qJJb4BtCQXlK8vWEO8V1ZeuEdJNOqZyg=
github.com/google/go-cmp v0.5.8/go.mod h1:17dUlkBOakJ0+DkrSSNjCkIjxS6bF9zb3elmeNGIjoY=
github.com/jmespath/go-jmespath v0.4.0 h1:BEgLn5cpjn8UN1mAw4NjwDrS35OdebyEtFe+9YPoQUg=
github.com/jmespath/go-jmespath v0.4.0/go.mod h1:T8mJZnbsbmF+m6zOOFylbeCJqk5+pHWvzYPziyZiYoo=
github.com/jmespath/go-jmespath/internal/testify v1.5.1 h1:shLQSRRSCCPj3f2gpwzGwWFoC7ycTf1rcQZHOlsJ6N8=
github.com/jmespath/go-jmespath/internal/testify v1.5.1/go.mod h1:L3OGu8Wl2/fWfCI6z80xFu9LTZmf1ZRjMHUOPmWr69U=
github.com/pmezard/go-difflib v1.0.0 h1:4DBwDE0NGyQoBHbLQYPwSUPoCMWR5BEzIk/f1lZbAQM=
github.com/pmezard/go-difflib v1.0.0/go.mod h1:iKH77koFhYxTK1pcRnkKkqfTogsbg7gZNVY4sRDYZ/4=
github.com/stretchr/objx v0.1.0/go.mod h1:HFkY916IF+rwdDfMAkV7OtwuqBVzrE8GR6GFx+wExME=
gopkg.in/check.v1 v0.0.0-20161208181325-20d25e280405/go.mod h1:Co6ibVJAznAaIkqp8huTwlJQCZ016jof/cbN4VW5Yz0=
gopkg.in/yaml.v2 v2.2.8 h1:obN1ZagJSUGI0Ek/LBmuj4SNLPfIny3KsKFopxRdj10=
gopkg.in/yaml.v2 v2.2.8/go.mod h1:hI93XBmqTisBFMUTm0b8Fm+jr3Dg1NNxqwp+5A1VGuI=
