github.com/gofiber/utils v0.1.2 h1:1SH2YEz4RlNS0tJlMJ0bGwO0JkqPqvq6TbHK9tXZKtk=
github.com/gofiber/utils v0.1.2/go.mod h1:pacRFtghAE3UoknMOUiXh2Io/nLWSUHtQCi/3QASsOc=
github.com/lib/pq v1.10.0 h1:Zx5DJFEYQXio93kgXnQ09fXNiUKsqv4OUEu2UtGcB1E=
github.com/lib/pq v1.10.0/go.mod h1:AlVN5x4E4T544tWzH6hKfbfQvm3HdbOxrmggDNAPY9o=
