github.com/gofiber/utils v0.1.2 h1:1SH2YEz4RlNS0tJlMJ0bGwO0JkqPqvq6TbHK9tXZKtk=
github.com/gofiber/utils v0.1.2/go.mod h1:pacRFtghAE3UoknMOUiXh2Io/nLWSUHtQCi/3QASsOc=
github.com/mattn/go-sqlite3 v2.0.3+incompatible h1:gXHsfypPkaMZrKbD5209QV9jbUTJKjyR5WD3HYQSd+U=
github.com/mattn/go-sqlite3 v2.0.3+incompatible/go.mod h1:FPy6KqzDD04eiIsT53CuJW3U88zkxoIYsOqkbpncsNc=
